// !$*UTF8*$!
{
	archiveVersion = 1;
	classes = {
	};
	objectVersion = 48;
	objects = {

/* Begin PBXBuildFile section */
		041BC48B1FA6AD1B00B32639 /* PaymentHeaderTableViewCell.m in Sources */ = {isa = PBXBuildFile; fileRef = 041BC4891FA6AD1B00B32639 /* PaymentHeaderTableViewCell.m */; };
		041BC48C1FA6AD1B00B32639 /* PaymentHeaderTableViewCell.xib in Resources */ = {isa = PBXBuildFile; fileRef = 041BC48A1FA6AD1B00B32639 /* PaymentHeaderTableViewCell.xib */; };
		041BC4901FA6CFC300B32639 /* PaymentVisaTableViewCell.m in Sources */ = {isa = PBXBuildFile; fileRef = 041BC48E1FA6CFC300B32639 /* PaymentVisaTableViewCell.m */; };
		041BC4911FA6CFC300B32639 /* PaymentVisaTableViewCell.xib in Resources */ = {isa = PBXBuildFile; fileRef = 041BC48F1FA6CFC300B32639 /* PaymentVisaTableViewCell.xib */; };
		041D16D91F8AB87E007E96BC /* PaymentViewController.m in Sources */ = {isa = PBXBuildFile; fileRef = 041D16D81F8AB87E007E96BC /* PaymentViewController.m */; };
		041D16DC1F8AB952007E96BC /* AddPaymentViewController.m in Sources */ = {isa = PBXBuildFile; fileRef = 041D16DB1F8AB952007E96BC /* AddPaymentViewController.m */; };
		041D16DE1F8ABB0B007E96BC /* ic_visa_card.png in Resources */ = {isa = PBXBuildFile; fileRef = 041D16DD1F8ABB08007E96BC /* ic_visa_card.png */; };
		041D16E01F8ABD95007E96BC /* ic_light_bg.png in Resources */ = {isa = PBXBuildFile; fileRef = 041D16DF1F8ABD92007E96BC /* ic_light_bg.png */; };
		041EB45A1F8D50880055AAEB /* theX@2x.png in Resources */ = {isa = PBXBuildFile; fileRef = 041EB4581F8D50820055AAEB /* theX@2x.png */; };
		041EB45B1F8D50880055AAEB /* user_placeholder.png in Resources */ = {isa = PBXBuildFile; fileRef = 041EB4591F8D50820055AAEB /* user_placeholder.png */; };
		041EB45E1F8D6A260055AAEB /* ic_star_full.png in Resources */ = {isa = PBXBuildFile; fileRef = 041EB45C1F8D69FD0055AAEB /* ic_star_full.png */; };
		041EB45F1F8D6A260055AAEB /* ic_star_empty.png in Resources */ = {isa = PBXBuildFile; fileRef = 041EB45D1F8D6A110055AAEB /* ic_star_empty.png */; };
		041EB4621F8D73200055AAEB /* BookingIDViewController.m in Sources */ = {isa = PBXBuildFile; fileRef = 041EB4611F8D73200055AAEB /* BookingIDViewController.m */; };
		041EB4641F8D76E40055AAEB /* ic_feedback_bg.png in Resources */ = {isa = PBXBuildFile; fileRef = 041EB4631F8D76C20055AAEB /* ic_feedback_bg.png */; };
		041EB4671F8D76F10055AAEB /* FeedbackViewController.m in Sources */ = {isa = PBXBuildFile; fileRef = 041EB4661F8D76F10055AAEB /* FeedbackViewController.m */; };
		041F0CBD1F8B094E0020DEC4 /* ic_signature.png in Resources */ = {isa = PBXBuildFile; fileRef = 041F0CBB1F8B094A0020DEC4 /* ic_signature.png */; };
		041F0CBE1F8B094E0020DEC4 /* ic_trait_status_bar1.png in Resources */ = {isa = PBXBuildFile; fileRef = 041F0CBC1F8B094A0020DEC4 /* ic_trait_status_bar1.png */; };
		041F0CC11F8B12AA0020DEC4 /* MyOrderViewController.m in Sources */ = {isa = PBXBuildFile; fileRef = 041F0CC01F8B12AA0020DEC4 /* MyOrderViewController.m */; };
		041F0CC31F8B2F890020DEC4 /* ic_red_bubble.png in Resources */ = {isa = PBXBuildFile; fileRef = 041F0CC21F8B2F6C0020DEC4 /* ic_red_bubble.png */; };
		04288B281FA638AE000276AF /* PaymentTableViewCell.m in Sources */ = {isa = PBXBuildFile; fileRef = 04288B261FA638AE000276AF /* PaymentTableViewCell.m */; };
		04288B291FA638AE000276AF /* PaymentTableViewCell.xib in Resources */ = {isa = PBXBuildFile; fileRef = 04288B271FA638AE000276AF /* PaymentTableViewCell.xib */; };
		043C7AE21F8D2C940021A88E /* AirlineSelectView.m in Sources */ = {isa = PBXBuildFile; fileRef = 043C7AE11F8D2C940021A88E /* AirlineSelectView.m */; };
		043C7AE41F8D2CCF0021A88E /* AirlineSelectView.xib in Resources */ = {isa = PBXBuildFile; fileRef = 043C7AE31F8D2CCF0021A88E /* AirlineSelectView.xib */; };
		043C7AE71F8D4C4B0021A88E /* BookingDetailViewController.m in Sources */ = {isa = PBXBuildFile; fileRef = 043C7AE61F8D4C4B0021A88E /* BookingDetailViewController.m */; };
		044076161F9CFCFD00A81128 /* AddCardViewController.m in Sources */ = {isa = PBXBuildFile; fileRef = 044076151F9CFCFD00A81128 /* AddCardViewController.m */; };
		0472C5371F8B904E00B8C516 /* Constant.m in Sources */ = {isa = PBXBuildFile; fileRef = 0472C5361F8B904E00B8C516 /* Constant.m */; };
		0472C53A1F8BBFE800B8C516 /* APIs.m in Sources */ = {isa = PBXBuildFile; fileRef = 0472C5391F8BBFE800B8C516 /* APIs.m */; };
		0472C53E1F8BEF4200B8C516 /* AccountUtilities.m in Sources */ = {isa = PBXBuildFile; fileRef = 0472C53D1F8BEF4200B8C516 /* AccountUtilities.m */; };
		047E05751F9EB2E100F35BB1 /* us_flag.png in Resources */ = {isa = PBXBuildFile; fileRef = 047E05741F9EB2DD00F35BB1 /* us_flag.png */; };
		04B8EA7E1F8AB0F400A76FDA /* ic_check_box.jpg in Resources */ = {isa = PBXBuildFile; fileRef = 04B8EA7C1F8AB0D000A76FDA /* ic_check_box.jpg */; };
		04B8EA7F1F8AB0F400A76FDA /* ic_uncheck_box.jpg in Resources */ = {isa = PBXBuildFile; fileRef = 04B8EA7D1F8AB0E000A76FDA /* ic_uncheck_box.jpg */; };
		04B8EA831F8AB54F00A76FDA /* ic_credit_card.png in Resources */ = {isa = PBXBuildFile; fileRef = 04B8EA801F8AB4D600A76FDA /* ic_credit_card.png */; };
		04B8EA841F8AB54F00A76FDA /* ic_next.png in Resources */ = {isa = PBXBuildFile; fileRef = 04B8EA811F8AB4FC00A76FDA /* ic_next.png */; };
		04B8EA851F8AB54F00A76FDA /* ic_paypal.png in Resources */ = {isa = PBXBuildFile; fileRef = 04B8EA821F8AB52400A76FDA /* ic_paypal.png */; };
		04F8608A1F93D5A400325170 /* BookingAuth.m in Sources */ = {isa = PBXBuildFile; fileRef = 04F860891F93D5A400325170 /* BookingAuth.m */; };
		22269B8E1F880E0000D9D21C /* TermsViewController.m in Sources */ = {isa = PBXBuildFile; fileRef = 22269B8D1F880E0000D9D21C /* TermsViewController.m */; };
		22269B981F88266100D9D21C /* ic_plane.png in Resources */ = {isa = PBXBuildFile; fileRef = 22269B8F1F88265200D9D21C /* ic_plane.png */; };
		22269B991F88266100D9D21C /* ic_airport.png in Resources */ = {isa = PBXBuildFile; fileRef = 22269B901F88265300D9D21C /* ic_airport.png */; };
		22269B9A1F88266100D9D21C /* booking_bg.png in Resources */ = {isa = PBXBuildFile; fileRef = 22269B911F88265400D9D21C /* booking_bg.png */; };
		22269B9B1F88266100D9D21C /* ic_hotel.png in Resources */ = {isa = PBXBuildFile; fileRef = 22269B921F88265600D9D21C /* ic_hotel.png */; };
		22269B9C1F88266100D9D21C /* ic_underline.png in Resources */ = {isa = PBXBuildFile; fileRef = 22269B931F88265700D9D21C /* ic_underline.png */; };
		22269B9D1F88266100D9D21C /* ic_dropdownBox.png in Resources */ = {isa = PBXBuildFile; fileRef = 22269B941F88265900D9D21C /* ic_dropdownBox.png */; };
		22269B9E1F88266100D9D21C /* ic_clock.png in Resources */ = {isa = PBXBuildFile; fileRef = 22269B951F88265A00D9D21C /* ic_clock.png */; };
		22269B9F1F88266100D9D21C /* ic_downarrow.png in Resources */ = {isa = PBXBuildFile; fileRef = 22269B961F88265C00D9D21C /* ic_downarrow.png */; };
		22269BA01F88266100D9D21C /* ic_calendar.png in Resources */ = {isa = PBXBuildFile; fileRef = 22269B971F88265E00D9D21C /* ic_calendar.png */; };
		22269BA31F88305000D9D21C /* AirPortToHotelViewController.m in Sources */ = {isa = PBXBuildFile; fileRef = 22269BA21F88305000D9D21C /* AirPortToHotelViewController.m */; };
		2236649A1F8839710017809C /* ic_bagsimage_bg.png in Resources */ = {isa = PBXBuildFile; fileRef = 223664981F88396B0017809C /* ic_bagsimage_bg.png */; };
		2236649B1F8839710017809C /* ic_bags_bg.png in Resources */ = {isa = PBXBuildFile; fileRef = 223664991F88396E0017809C /* ic_bags_bg.png */; };
		2236649E1F883E200017809C /* NumberOfBagsViewController.m in Sources */ = {isa = PBXBuildFile; fileRef = 2236649D1F883E200017809C /* NumberOfBagsViewController.m */; };
		223664A11F8843480017809C /* BookingSummaryViewController.m in Sources */ = {isa = PBXBuildFile; fileRef = 223664A01F8843480017809C /* BookingSummaryViewController.m */; };
		223664A41F8A747A0017809C /* ic_user_blue1.jpg in Resources */ = {isa = PBXBuildFile; fileRef = 223664A21F8A74030017809C /* ic_user_blue1.jpg */; };
		223664A51F8A747A0017809C /* ic_hotel_blue.jpg in Resources */ = {isa = PBXBuildFile; fileRef = 223664A31F8A743B0017809C /* ic_hotel_blue.jpg */; };
		2266FEE51F82B17300897673 /* ic_star.png in Resources */ = {isa = PBXBuildFile; fileRef = 2266FEE11F82B16F00897673 /* ic_star.png */; };
		2266FEE61F82B17300897673 /* two_dots.png in Resources */ = {isa = PBXBuildFile; fileRef = 2266FEE21F82B17000897673 /* two_dots.png */; };
		2266FEE71F82B17300897673 /* ic_blue_bubble.png in Resources */ = {isa = PBXBuildFile; fileRef = 2266FEE31F82B17100897673 /* ic_blue_bubble.png */; };
		2266FEEB1F82B35500897673 /* HistoryViewController.m in Sources */ = {isa = PBXBuildFile; fileRef = 2266FEEA1F82B35500897673 /* HistoryViewController.m */; };
		2266FEEF1F82B5A900897673 /* HistoryTableViewCell.m in Sources */ = {isa = PBXBuildFile; fileRef = 2266FEEE1F82B5A900897673 /* HistoryTableViewCell.m */; };
		2266FEF21F82E1DE00897673 /* SupportViewController.m in Sources */ = {isa = PBXBuildFile; fileRef = 2266FEF11F82E1DE00897673 /* SupportViewController.m */; };
		2266FEF41F82E2FE00897673 /* bg.png in Resources */ = {isa = PBXBuildFile; fileRef = 2266FEF31F82E2FD00897673 /* bg.png */; };
		22D3304D1F87A21E009EE8EE /* ic_phone_blue.png in Resources */ = {isa = PBXBuildFile; fileRef = 22D330491F87A212009EE8EE /* ic_phone_blue.png */; };
		22D3304E1F87A21E009EE8EE /* ic_user_blue.png in Resources */ = {isa = PBXBuildFile; fileRef = 22D3304A1F87A214009EE8EE /* ic_user_blue.png */; };
		22D3304F1F87A21E009EE8EE /* ic_lock_blue.png in Resources */ = {isa = PBXBuildFile; fileRef = 22D3304B1F87A217009EE8EE /* ic_lock_blue.png */; };
		22D330501F87A21E009EE8EE /* ic_address_blue.png in Resources */ = {isa = PBXBuildFile; fileRef = 22D3304C1F87A21A009EE8EE /* ic_address_blue.png */; };
		22D330531F87A9D2009EE8EE /* RegisterViewController.m in Sources */ = {isa = PBXBuildFile; fileRef = 22D330521F87A9D2009EE8EE /* RegisterViewController.m */; };
		22E7498E1F807CE00047B8ED /* AppDelegate.m in Sources */ = {isa = PBXBuildFile; fileRef = 22E7498D1F807CE00047B8ED /* AppDelegate.m */; };
		22E749941F807CE00047B8ED /* Main.storyboard in Resources */ = {isa = PBXBuildFile; fileRef = 22E749921F807CE00047B8ED /* Main.storyboard */; };
		22E749961F807CE00047B8ED /* Assets.xcassets in Resources */ = {isa = PBXBuildFile; fileRef = 22E749951F807CE00047B8ED /* Assets.xcassets */; };
		22E749991F807CE00047B8ED /* LaunchScreen.storyboard in Resources */ = {isa = PBXBuildFile; fileRef = 22E749971F807CE00047B8ED /* LaunchScreen.storyboard */; };
		22E7499C1F807CE00047B8ED /* main.m in Sources */ = {isa = PBXBuildFile; fileRef = 22E7499B1F807CE00047B8ED /* main.m */; };
		22E749A61F807CE00047B8ED /* Luggage_TelepTests.m in Sources */ = {isa = PBXBuildFile; fileRef = 22E749A51F807CE00047B8ED /* Luggage_TelepTests.m */; };
		22E749B11F807CE00047B8ED /* Luggage_TelepUITests.m in Sources */ = {isa = PBXBuildFile; fileRef = 22E749B01F807CE00047B8ED /* Luggage_TelepUITests.m */; };
		22E749BF1F80AA5F0047B8ED /* Images.xcassets in Resources */ = {isa = PBXBuildFile; fileRef = 22E749BE1F80AA5F0047B8ED /* Images.xcassets */; };
		22E749CF1F80C7300047B8ED /* air-hotel.png in Resources */ = {isa = PBXBuildFile; fileRef = 22E749C11F80C7300047B8ED /* air-hotel.png */; };
		22E749D01F80C7300047B8ED /* airport-airport.png in Resources */ = {isa = PBXBuildFile; fileRef = 22E749C21F80C7300047B8ED /* airport-airport.png */; };
		22E749D11F80C7300047B8ED /* home_top_bar.png in Resources */ = {isa = PBXBuildFile; fileRef = 22E749C31F80C7300047B8ED /* home_top_bar.png */; };
		22E749D21F80C7300047B8ED /* hotel-airport.png in Resources */ = {isa = PBXBuildFile; fileRef = 22E749C41F80C7300047B8ED /* hotel-airport.png */; };
		22E749D31F80C7300047B8ED /* hotel-hotel.png in Resources */ = {isa = PBXBuildFile; fileRef = 22E749C51F80C7300047B8ED /* hotel-hotel.png */; };
		22E749D41F80C7300047B8ED /* ic_history.png in Resources */ = {isa = PBXBuildFile; fileRef = 22E749C61F80C7300047B8ED /* ic_history.png */; };
		22E749D51F80C7300047B8ED /* ic_logout.png in Resources */ = {isa = PBXBuildFile; fileRef = 22E749C71F80C7300047B8ED /* ic_logout.png */; };
		22E749D61F80C7300047B8ED /* ic_myorder.png in Resources */ = {isa = PBXBuildFile; fileRef = 22E749C81F80C7300047B8ED /* ic_myorder.png */; };
		22E749D71F80C7300047B8ED /* ic_payment.png in Resources */ = {isa = PBXBuildFile; fileRef = 22E749C91F80C7300047B8ED /* ic_payment.png */; };
		22E749D81F80C7300047B8ED /* ic_profile.png in Resources */ = {isa = PBXBuildFile; fileRef = 22E749CA1F80C7300047B8ED /* ic_profile.png */; };
		22E749D91F80C7300047B8ED /* ic_support.png in Resources */ = {isa = PBXBuildFile; fileRef = 22E749CB1F80C7300047B8ED /* ic_support.png */; };
		22E749DA1F80C7300047B8ED /* ic_terms.png in Resources */ = {isa = PBXBuildFile; fileRef = 22E749CC1F80C7300047B8ED /* ic_terms.png */; };
		22E749DB1F80C7300047B8ED /* logo.png in Resources */ = {isa = PBXBuildFile; fileRef = 22E749CD1F80C7300047B8ED /* logo.png */; };
		22E749DC1F80C7300047B8ED /* menu-lines.png in Resources */ = {isa = PBXBuildFile; fileRef = 22E749CE1F80C7300047B8ED /* menu-lines.png */; };
		22E749DE1F80FCF90047B8ED /* back.png in Resources */ = {isa = PBXBuildFile; fileRef = 22E749DD1F80FCF90047B8ED /* back.png */; };
		22E749E41F81F9790047B8ED /* StartViewController.m in Sources */ = {isa = PBXBuildFile; fileRef = 22E749E31F81F9790047B8ED /* StartViewController.m */; };
		22E749E71F81F98D0047B8ED /* SigninViewController.m in Sources */ = {isa = PBXBuildFile; fileRef = 22E749E61F81F98D0047B8ED /* SigninViewController.m */; };
		22E749EB1F81FA1F0047B8ED /* MainViewController.m in Sources */ = {isa = PBXBuildFile; fileRef = 22E749EA1F81FA1F0047B8ED /* MainViewController.m */; };
		22E749EE1F8247930047B8ED /* HomeViewController.m in Sources */ = {isa = PBXBuildFile; fileRef = 22E749ED1F8247930047B8ED /* HomeViewController.m */; };
		22E749F21F8248910047B8ED /* LeftViewController.m in Sources */ = {isa = PBXBuildFile; fileRef = 22E749F11F8248910047B8ED /* LeftViewController.m */; };
		22E749F51F824FB10047B8ED /* NavigationController.m in Sources */ = {isa = PBXBuildFile; fileRef = 22E749F41F824FB10047B8ED /* NavigationController.m */; };
		22E749F81F8281ED0047B8ED /* MyProfileViewController.m in Sources */ = {isa = PBXBuildFile; fileRef = 22E749F71F8281ED0047B8ED /* MyProfileViewController.m */; };
		22E74A001F8286840047B8ED /* ic_name.png in Resources */ = {isa = PBXBuildFile; fileRef = 22E749F91F8286760047B8ED /* ic_name.png */; };
		22E74A011F8286840047B8ED /* ic_password.png in Resources */ = {isa = PBXBuildFile; fileRef = 22E749FA1F8286780047B8ED /* ic_password.png */; };
		22E74A021F8286840047B8ED /* ic_email.png in Resources */ = {isa = PBXBuildFile; fileRef = 22E749FB1F82867A0047B8ED /* ic_email.png */; };
		22E74A031F8286840047B8ED /* ic_phone.png in Resources */ = {isa = PBXBuildFile; fileRef = 22E749FC1F82867C0047B8ED /* ic_phone.png */; };
		22E74A041F8286840047B8ED /* ic_userphoto.png in Resources */ = {isa = PBXBuildFile; fileRef = 22E749FD1F82867E0047B8ED /* ic_userphoto.png */; };
		22E74A051F8286840047B8ED /* ic_user_white.png in Resources */ = {isa = PBXBuildFile; fileRef = 22E749FE1F8286800047B8ED /* ic_user_white.png */; };
		22E74A061F8286840047B8ED /* ic_user_background.png in Resources */ = {isa = PBXBuildFile; fileRef = 22E749FF1F8286830047B8ED /* ic_user_background.png */; };
		22E74A081F8293DB0047B8ED /* textinput.png in Resources */ = {isa = PBXBuildFile; fileRef = 22E74A071F8293D80047B8ED /* textinput.png */; };
		318CB93E59862152FA3D8263 /* Pods_Luggage_Telep.framework in Frameworks */ = {isa = PBXBuildFile; fileRef = 8773E349F5D3F1C01C032180 /* Pods_Luggage_Telep.framework */; };
/* End PBXBuildFile section */

/* Begin PBXContainerItemProxy section */
		22E749A21F807CE00047B8ED /* PBXContainerItemProxy */ = {
			isa = PBXContainerItemProxy;
			containerPortal = 22E749811F807CE00047B8ED /* Project object */;
			proxyType = 1;
			remoteGlobalIDString = 22E749881F807CE00047B8ED;
			remoteInfo = "Luggage Telep";
		};
		22E749AD1F807CE00047B8ED /* PBXContainerItemProxy */ = {
			isa = PBXContainerItemProxy;
			containerPortal = 22E749811F807CE00047B8ED /* Project object */;
			proxyType = 1;
			remoteGlobalIDString = 22E749881F807CE00047B8ED;
			remoteInfo = "Luggage Telep";
		};
/* End PBXContainerItemProxy section */

/* Begin PBXFileReference section */
		041BC4881FA6AD1B00B32639 /* PaymentHeaderTableViewCell.h */ = {isa = PBXFileReference; lastKnownFileType = sourcecode.c.h; path = PaymentHeaderTableViewCell.h; sourceTree = "<group>"; };
		041BC4891FA6AD1B00B32639 /* PaymentHeaderTableViewCell.m */ = {isa = PBXFileReference; lastKnownFileType = sourcecode.c.objc; path = PaymentHeaderTableViewCell.m; sourceTree = "<group>"; };
		041BC48A1FA6AD1B00B32639 /* PaymentHeaderTableViewCell.xib */ = {isa = PBXFileReference; lastKnownFileType = file.xib; path = PaymentHeaderTableViewCell.xib; sourceTree = "<group>"; };
		041BC48D1FA6CFC300B32639 /* PaymentVisaTableViewCell.h */ = {isa = PBXFileReference; lastKnownFileType = sourcecode.c.h; path = PaymentVisaTableViewCell.h; sourceTree = "<group>"; };
		041BC48E1FA6CFC300B32639 /* PaymentVisaTableViewCell.m */ = {isa = PBXFileReference; lastKnownFileType = sourcecode.c.objc; path = PaymentVisaTableViewCell.m; sourceTree = "<group>"; };
		041BC48F1FA6CFC300B32639 /* PaymentVisaTableViewCell.xib */ = {isa = PBXFileReference; lastKnownFileType = file.xib; path = PaymentVisaTableViewCell.xib; sourceTree = "<group>"; };
		041D16D71F8AB87E007E96BC /* PaymentViewController.h */ = {isa = PBXFileReference; lastKnownFileType = sourcecode.c.h; path = PaymentViewController.h; sourceTree = "<group>"; };
		041D16D81F8AB87E007E96BC /* PaymentViewController.m */ = {isa = PBXFileReference; lastKnownFileType = sourcecode.c.objc; path = PaymentViewController.m; sourceTree = "<group>"; };
		041D16DA1F8AB952007E96BC /* AddPaymentViewController.h */ = {isa = PBXFileReference; lastKnownFileType = sourcecode.c.h; path = AddPaymentViewController.h; sourceTree = "<group>"; };
		041D16DB1F8AB952007E96BC /* AddPaymentViewController.m */ = {isa = PBXFileReference; lastKnownFileType = sourcecode.c.objc; path = AddPaymentViewController.m; sourceTree = "<group>"; };
		041D16DD1F8ABB08007E96BC /* ic_visa_card.png */ = {isa = PBXFileReference; lastKnownFileType = image.png; path = ic_visa_card.png; sourceTree = "<group>"; };
		041D16DF1F8ABD92007E96BC /* ic_light_bg.png */ = {isa = PBXFileReference; lastKnownFileType = image.png; path = ic_light_bg.png; sourceTree = "<group>"; };
		041EB4581F8D50820055AAEB /* theX@2x.png */ = {isa = PBXFileReference; lastKnownFileType = image.png; path = "theX@2x.png"; sourceTree = "<group>"; };
		041EB4591F8D50820055AAEB /* user_placeholder.png */ = {isa = PBXFileReference; lastKnownFileType = image.png; path = user_placeholder.png; sourceTree = "<group>"; };
		041EB45C1F8D69FD0055AAEB /* ic_star_full.png */ = {isa = PBXFileReference; lastKnownFileType = image.png; path = ic_star_full.png; sourceTree = "<group>"; };
		041EB45D1F8D6A110055AAEB /* ic_star_empty.png */ = {isa = PBXFileReference; lastKnownFileType = image.png; path = ic_star_empty.png; sourceTree = "<group>"; };
		041EB4601F8D73200055AAEB /* BookingIDViewController.h */ = {isa = PBXFileReference; lastKnownFileType = sourcecode.c.h; path = BookingIDViewController.h; sourceTree = "<group>"; };
		041EB4611F8D73200055AAEB /* BookingIDViewController.m */ = {isa = PBXFileReference; lastKnownFileType = sourcecode.c.objc; path = BookingIDViewController.m; sourceTree = "<group>"; };
		041EB4631F8D76C20055AAEB /* ic_feedback_bg.png */ = {isa = PBXFileReference; lastKnownFileType = image.png; path = ic_feedback_bg.png; sourceTree = "<group>"; };
		041EB4651F8D76F10055AAEB /* FeedbackViewController.h */ = {isa = PBXFileReference; lastKnownFileType = sourcecode.c.h; path = FeedbackViewController.h; sourceTree = "<group>"; };
		041EB4661F8D76F10055AAEB /* FeedbackViewController.m */ = {isa = PBXFileReference; lastKnownFileType = sourcecode.c.objc; path = FeedbackViewController.m; sourceTree = "<group>"; };
		041F0CBB1F8B094A0020DEC4 /* ic_signature.png */ = {isa = PBXFileReference; lastKnownFileType = image.png; path = ic_signature.png; sourceTree = "<group>"; };
		041F0CBC1F8B094A0020DEC4 /* ic_trait_status_bar1.png */ = {isa = PBXFileReference; lastKnownFileType = image.png; path = ic_trait_status_bar1.png; sourceTree = "<group>"; };
		041F0CBF1F8B12AA0020DEC4 /* MyOrderViewController.h */ = {isa = PBXFileReference; lastKnownFileType = sourcecode.c.h; path = MyOrderViewController.h; sourceTree = "<group>"; };
		041F0CC01F8B12AA0020DEC4 /* MyOrderViewController.m */ = {isa = PBXFileReference; lastKnownFileType = sourcecode.c.objc; path = MyOrderViewController.m; sourceTree = "<group>"; };
		041F0CC21F8B2F6C0020DEC4 /* ic_red_bubble.png */ = {isa = PBXFileReference; lastKnownFileType = image.png; path = ic_red_bubble.png; sourceTree = "<group>"; };
		04288B251FA638AE000276AF /* PaymentTableViewCell.h */ = {isa = PBXFileReference; lastKnownFileType = sourcecode.c.h; path = PaymentTableViewCell.h; sourceTree = "<group>"; };
		04288B261FA638AE000276AF /* PaymentTableViewCell.m */ = {isa = PBXFileReference; lastKnownFileType = sourcecode.c.objc; path = PaymentTableViewCell.m; sourceTree = "<group>"; };
		04288B271FA638AE000276AF /* PaymentTableViewCell.xib */ = {isa = PBXFileReference; lastKnownFileType = file.xib; path = PaymentTableViewCell.xib; sourceTree = "<group>"; };
		043C7AE01F8D2C940021A88E /* AirlineSelectView.h */ = {isa = PBXFileReference; lastKnownFileType = sourcecode.c.h; path = AirlineSelectView.h; sourceTree = "<group>"; };
		043C7AE11F8D2C940021A88E /* AirlineSelectView.m */ = {isa = PBXFileReference; lastKnownFileType = sourcecode.c.objc; path = AirlineSelectView.m; sourceTree = "<group>"; };
		043C7AE31F8D2CCF0021A88E /* AirlineSelectView.xib */ = {isa = PBXFileReference; lastKnownFileType = file.xib; path = AirlineSelectView.xib; sourceTree = "<group>"; };
		043C7AE51F8D4C4B0021A88E /* BookingDetailViewController.h */ = {isa = PBXFileReference; lastKnownFileType = sourcecode.c.h; path = BookingDetailViewController.h; sourceTree = "<group>"; };
		043C7AE61F8D4C4B0021A88E /* BookingDetailViewController.m */ = {isa = PBXFileReference; lastKnownFileType = sourcecode.c.objc; path = BookingDetailViewController.m; sourceTree = "<group>"; };
		044076141F9CFCFD00A81128 /* AddCardViewController.h */ = {isa = PBXFileReference; lastKnownFileType = sourcecode.c.h; path = AddCardViewController.h; sourceTree = "<group>"; };
		044076151F9CFCFD00A81128 /* AddCardViewController.m */ = {isa = PBXFileReference; lastKnownFileType = sourcecode.c.objc; path = AddCardViewController.m; sourceTree = "<group>"; };
		0472C5351F8B904E00B8C516 /* Constant.h */ = {isa = PBXFileReference; lastKnownFileType = sourcecode.c.h; path = Constant.h; sourceTree = "<group>"; };
		0472C5361F8B904E00B8C516 /* Constant.m */ = {isa = PBXFileReference; lastKnownFileType = sourcecode.c.objc; path = Constant.m; sourceTree = "<group>"; };
		0472C5381F8BBFE800B8C516 /* APIs.h */ = {isa = PBXFileReference; lastKnownFileType = sourcecode.c.h; path = APIs.h; sourceTree = "<group>"; };
		0472C5391F8BBFE800B8C516 /* APIs.m */ = {isa = PBXFileReference; lastKnownFileType = sourcecode.c.objc; path = APIs.m; sourceTree = "<group>"; };
		0472C53C1F8BEF4200B8C516 /* AccountUtilities.h */ = {isa = PBXFileReference; lastKnownFileType = sourcecode.c.h; path = AccountUtilities.h; sourceTree = "<group>"; };
		0472C53D1F8BEF4200B8C516 /* AccountUtilities.m */ = {isa = PBXFileReference; lastKnownFileType = sourcecode.c.objc; path = AccountUtilities.m; sourceTree = "<group>"; };
		047E05741F9EB2DD00F35BB1 /* us_flag.png */ = {isa = PBXFileReference; lastKnownFileType = image.png; path = us_flag.png; sourceTree = "<group>"; };
		04B8EA7C1F8AB0D000A76FDA /* ic_check_box.jpg */ = {isa = PBXFileReference; lastKnownFileType = image.jpeg; path = ic_check_box.jpg; sourceTree = "<group>"; };
		04B8EA7D1F8AB0E000A76FDA /* ic_uncheck_box.jpg */ = {isa = PBXFileReference; lastKnownFileType = image.jpeg; path = ic_uncheck_box.jpg; sourceTree = "<group>"; };
		04B8EA801F8AB4D600A76FDA /* ic_credit_card.png */ = {isa = PBXFileReference; lastKnownFileType = image.png; path = ic_credit_card.png; sourceTree = "<group>"; };
		04B8EA811F8AB4FC00A76FDA /* ic_next.png */ = {isa = PBXFileReference; lastKnownFileType = image.png; path = ic_next.png; sourceTree = "<group>"; };
		04B8EA821F8AB52400A76FDA /* ic_paypal.png */ = {isa = PBXFileReference; lastKnownFileType = image.png; path = ic_paypal.png; sourceTree = "<group>"; };
		04F860881F93D5A400325170 /* BookingAuth.h */ = {isa = PBXFileReference; lastKnownFileType = sourcecode.c.h; path = BookingAuth.h; sourceTree = "<group>"; };
		04F860891F93D5A400325170 /* BookingAuth.m */ = {isa = PBXFileReference; lastKnownFileType = sourcecode.c.objc; path = BookingAuth.m; sourceTree = "<group>"; };
		05F8D2F9BC6D200ABE1C4BEC /* Pods-Luggage Telep.release.xcconfig */ = {isa = PBXFileReference; includeInIndex = 1; lastKnownFileType = text.xcconfig; name = "Pods-Luggage Telep.release.xcconfig"; path = "Pods/Target Support Files/Pods-Luggage Telep/Pods-Luggage Telep.release.xcconfig"; sourceTree = "<group>"; };
		22269B8C1F880E0000D9D21C /* TermsViewController.h */ = {isa = PBXFileReference; lastKnownFileType = sourcecode.c.h; path = TermsViewController.h; sourceTree = "<group>"; };
		22269B8D1F880E0000D9D21C /* TermsViewController.m */ = {isa = PBXFileReference; lastKnownFileType = sourcecode.c.objc; path = TermsViewController.m; sourceTree = "<group>"; };
		22269B8F1F88265200D9D21C /* ic_plane.png */ = {isa = PBXFileReference; lastKnownFileType = image.png; path = ic_plane.png; sourceTree = "<group>"; };
		22269B901F88265300D9D21C /* ic_airport.png */ = {isa = PBXFileReference; lastKnownFileType = image.png; path = ic_airport.png; sourceTree = "<group>"; };
		22269B911F88265400D9D21C /* booking_bg.png */ = {isa = PBXFileReference; lastKnownFileType = image.png; path = booking_bg.png; sourceTree = "<group>"; };
		22269B921F88265600D9D21C /* ic_hotel.png */ = {isa = PBXFileReference; lastKnownFileType = image.png; path = ic_hotel.png; sourceTree = "<group>"; };
		22269B931F88265700D9D21C /* ic_underline.png */ = {isa = PBXFileReference; lastKnownFileType = image.png; path = ic_underline.png; sourceTree = "<group>"; };
		22269B941F88265900D9D21C /* ic_dropdownBox.png */ = {isa = PBXFileReference; lastKnownFileType = image.png; path = ic_dropdownBox.png; sourceTree = "<group>"; };
		22269B951F88265A00D9D21C /* ic_clock.png */ = {isa = PBXFileReference; lastKnownFileType = image.png; path = ic_clock.png; sourceTree = "<group>"; };
		22269B961F88265C00D9D21C /* ic_downarrow.png */ = {isa = PBXFileReference; lastKnownFileType = image.png; path = ic_downarrow.png; sourceTree = "<group>"; };
		22269B971F88265E00D9D21C /* ic_calendar.png */ = {isa = PBXFileReference; lastKnownFileType = image.png; path = ic_calendar.png; sourceTree = "<group>"; };
		22269BA11F88305000D9D21C /* AirPortToHotelViewController.h */ = {isa = PBXFileReference; lastKnownFileType = sourcecode.c.h; path = AirPortToHotelViewController.h; sourceTree = "<group>"; };
		22269BA21F88305000D9D21C /* AirPortToHotelViewController.m */ = {isa = PBXFileReference; lastKnownFileType = sourcecode.c.objc; path = AirPortToHotelViewController.m; sourceTree = "<group>"; };
		223664981F88396B0017809C /* ic_bagsimage_bg.png */ = {isa = PBXFileReference; lastKnownFileType = image.png; path = ic_bagsimage_bg.png; sourceTree = "<group>"; };
		223664991F88396E0017809C /* ic_bags_bg.png */ = {isa = PBXFileReference; lastKnownFileType = image.png; path = ic_bags_bg.png; sourceTree = "<group>"; };
		2236649C1F883E200017809C /* NumberOfBagsViewController.h */ = {isa = PBXFileReference; lastKnownFileType = sourcecode.c.h; path = NumberOfBagsViewController.h; sourceTree = "<group>"; };
		2236649D1F883E200017809C /* NumberOfBagsViewController.m */ = {isa = PBXFileReference; lastKnownFileType = sourcecode.c.objc; path = NumberOfBagsViewController.m; sourceTree = "<group>"; };
		2236649F1F8843480017809C /* BookingSummaryViewController.h */ = {isa = PBXFileReference; lastKnownFileType = sourcecode.c.h; path = BookingSummaryViewController.h; sourceTree = "<group>"; };
		223664A01F8843480017809C /* BookingSummaryViewController.m */ = {isa = PBXFileReference; lastKnownFileType = sourcecode.c.objc; path = BookingSummaryViewController.m; sourceTree = "<group>"; };
		223664A21F8A74030017809C /* ic_user_blue1.jpg */ = {isa = PBXFileReference; lastKnownFileType = image.jpeg; path = ic_user_blue1.jpg; sourceTree = "<group>"; };
		223664A31F8A743B0017809C /* ic_hotel_blue.jpg */ = {isa = PBXFileReference; lastKnownFileType = image.jpeg; path = ic_hotel_blue.jpg; sourceTree = "<group>"; };
		2266FEE11F82B16F00897673 /* ic_star.png */ = {isa = PBXFileReference; lastKnownFileType = image.png; path = ic_star.png; sourceTree = "<group>"; };
		2266FEE21F82B17000897673 /* two_dots.png */ = {isa = PBXFileReference; lastKnownFileType = image.png; path = two_dots.png; sourceTree = "<group>"; };
		2266FEE31F82B17100897673 /* ic_blue_bubble.png */ = {isa = PBXFileReference; lastKnownFileType = image.png; path = ic_blue_bubble.png; sourceTree = "<group>"; };
		2266FEE91F82B35500897673 /* HistoryViewController.h */ = {isa = PBXFileReference; lastKnownFileType = sourcecode.c.h; path = HistoryViewController.h; sourceTree = "<group>"; };
		2266FEEA1F82B35500897673 /* HistoryViewController.m */ = {isa = PBXFileReference; lastKnownFileType = sourcecode.c.objc; path = HistoryViewController.m; sourceTree = "<group>"; };
		2266FEED1F82B5A900897673 /* HistoryTableViewCell.h */ = {isa = PBXFileReference; lastKnownFileType = sourcecode.c.h; path = HistoryTableViewCell.h; sourceTree = "<group>"; };
		2266FEEE1F82B5A900897673 /* HistoryTableViewCell.m */ = {isa = PBXFileReference; lastKnownFileType = sourcecode.c.objc; path = HistoryTableViewCell.m; sourceTree = "<group>"; };
		2266FEF01F82E1DE00897673 /* SupportViewController.h */ = {isa = PBXFileReference; lastKnownFileType = sourcecode.c.h; path = SupportViewController.h; sourceTree = "<group>"; };
		2266FEF11F82E1DE00897673 /* SupportViewController.m */ = {isa = PBXFileReference; lastKnownFileType = sourcecode.c.objc; path = SupportViewController.m; sourceTree = "<group>"; };
		2266FEF31F82E2FD00897673 /* bg.png */ = {isa = PBXFileReference; lastKnownFileType = image.png; path = bg.png; sourceTree = "<group>"; };
		22D330491F87A212009EE8EE /* ic_phone_blue.png */ = {isa = PBXFileReference; lastKnownFileType = image.png; path = ic_phone_blue.png; sourceTree = "<group>"; };
		22D3304A1F87A214009EE8EE /* ic_user_blue.png */ = {isa = PBXFileReference; lastKnownFileType = image.png; path = ic_user_blue.png; sourceTree = "<group>"; };
		22D3304B1F87A217009EE8EE /* ic_lock_blue.png */ = {isa = PBXFileReference; lastKnownFileType = image.png; path = ic_lock_blue.png; sourceTree = "<group>"; };
		22D3304C1F87A21A009EE8EE /* ic_address_blue.png */ = {isa = PBXFileReference; lastKnownFileType = image.png; path = ic_address_blue.png; sourceTree = "<group>"; };
		22D330511F87A9D2009EE8EE /* RegisterViewController.h */ = {isa = PBXFileReference; lastKnownFileType = sourcecode.c.h; path = RegisterViewController.h; sourceTree = "<group>"; };
		22D330521F87A9D2009EE8EE /* RegisterViewController.m */ = {isa = PBXFileReference; lastKnownFileType = sourcecode.c.objc; path = RegisterViewController.m; sourceTree = "<group>"; };
		22E749891F807CE00047B8ED /* Luggage Telep.app */ = {isa = PBXFileReference; explicitFileType = wrapper.application; includeInIndex = 0; path = "Luggage Telep.app"; sourceTree = BUILT_PRODUCTS_DIR; };
		22E7498C1F807CE00047B8ED /* AppDelegate.h */ = {isa = PBXFileReference; lastKnownFileType = sourcecode.c.h; path = AppDelegate.h; sourceTree = "<group>"; };
		22E7498D1F807CE00047B8ED /* AppDelegate.m */ = {isa = PBXFileReference; lastKnownFileType = sourcecode.c.objc; path = AppDelegate.m; sourceTree = "<group>"; };
		22E749931F807CE00047B8ED /* Base */ = {isa = PBXFileReference; lastKnownFileType = file.storyboard; name = Base; path = Base.lproj/Main.storyboard; sourceTree = "<group>"; };
		22E749951F807CE00047B8ED /* Assets.xcassets */ = {isa = PBXFileReference; lastKnownFileType = folder.assetcatalog; path = Assets.xcassets; sourceTree = "<group>"; };
		22E749981F807CE00047B8ED /* Base */ = {isa = PBXFileReference; lastKnownFileType = file.storyboard; name = Base; path = Base.lproj/LaunchScreen.storyboard; sourceTree = "<group>"; };
		22E7499A1F807CE00047B8ED /* Info.plist */ = {isa = PBXFileReference; lastKnownFileType = text.plist.xml; path = Info.plist; sourceTree = "<group>"; };
		22E7499B1F807CE00047B8ED /* main.m */ = {isa = PBXFileReference; lastKnownFileType = sourcecode.c.objc; path = main.m; sourceTree = "<group>"; };
		22E749A11F807CE00047B8ED /* Luggage TelepTests.xctest */ = {isa = PBXFileReference; explicitFileType = wrapper.cfbundle; includeInIndex = 0; path = "Luggage TelepTests.xctest"; sourceTree = BUILT_PRODUCTS_DIR; };
		22E749A51F807CE00047B8ED /* Luggage_TelepTests.m */ = {isa = PBXFileReference; lastKnownFileType = sourcecode.c.objc; path = Luggage_TelepTests.m; sourceTree = "<group>"; };
		22E749A71F807CE00047B8ED /* Info.plist */ = {isa = PBXFileReference; lastKnownFileType = text.plist.xml; path = Info.plist; sourceTree = "<group>"; };
		22E749AC1F807CE00047B8ED /* Luggage TelepUITests.xctest */ = {isa = PBXFileReference; explicitFileType = wrapper.cfbundle; includeInIndex = 0; path = "Luggage TelepUITests.xctest"; sourceTree = BUILT_PRODUCTS_DIR; };
		22E749B01F807CE00047B8ED /* Luggage_TelepUITests.m */ = {isa = PBXFileReference; lastKnownFileType = sourcecode.c.objc; path = Luggage_TelepUITests.m; sourceTree = "<group>"; };
		22E749B21F807CE00047B8ED /* Info.plist */ = {isa = PBXFileReference; lastKnownFileType = text.plist.xml; path = Info.plist; sourceTree = "<group>"; };
		22E749BE1F80AA5F0047B8ED /* Images.xcassets */ = {isa = PBXFileReference; lastKnownFileType = folder.assetcatalog; path = Images.xcassets; sourceTree = "<group>"; };
		22E749C11F80C7300047B8ED /* air-hotel.png */ = {isa = PBXFileReference; lastKnownFileType = image.png; path = "air-hotel.png"; sourceTree = "<group>"; };
		22E749C21F80C7300047B8ED /* airport-airport.png */ = {isa = PBXFileReference; lastKnownFileType = image.png; path = "airport-airport.png"; sourceTree = "<group>"; };
		22E749C31F80C7300047B8ED /* home_top_bar.png */ = {isa = PBXFileReference; lastKnownFileType = image.png; path = home_top_bar.png; sourceTree = "<group>"; };
		22E749C41F80C7300047B8ED /* hotel-airport.png */ = {isa = PBXFileReference; lastKnownFileType = image.png; path = "hotel-airport.png"; sourceTree = "<group>"; };
		22E749C51F80C7300047B8ED /* hotel-hotel.png */ = {isa = PBXFileReference; lastKnownFileType = image.png; path = "hotel-hotel.png"; sourceTree = "<group>"; };
		22E749C61F80C7300047B8ED /* ic_history.png */ = {isa = PBXFileReference; lastKnownFileType = image.png; path = ic_history.png; sourceTree = "<group>"; };
		22E749C71F80C7300047B8ED /* ic_logout.png */ = {isa = PBXFileReference; lastKnownFileType = image.png; path = ic_logout.png; sourceTree = "<group>"; };
		22E749C81F80C7300047B8ED /* ic_myorder.png */ = {isa = PBXFileReference; lastKnownFileType = image.png; path = ic_myorder.png; sourceTree = "<group>"; };
		22E749C91F80C7300047B8ED /* ic_payment.png */ = {isa = PBXFileReference; lastKnownFileType = image.png; path = ic_payment.png; sourceTree = "<group>"; };
		22E749CA1F80C7300047B8ED /* ic_profile.png */ = {isa = PBXFileReference; lastKnownFileType = image.png; path = ic_profile.png; sourceTree = "<group>"; };
		22E749CB1F80C7300047B8ED /* ic_support.png */ = {isa = PBXFileReference; lastKnownFileType = image.png; path = ic_support.png; sourceTree = "<group>"; };
		22E749CC1F80C7300047B8ED /* ic_terms.png */ = {isa = PBXFileReference; lastKnownFileType = image.png; path = ic_terms.png; sourceTree = "<group>"; };
		22E749CD1F80C7300047B8ED /* logo.png */ = {isa = PBXFileReference; lastKnownFileType = image.png; path = logo.png; sourceTree = "<group>"; };
		22E749CE1F80C7300047B8ED /* menu-lines.png */ = {isa = PBXFileReference; lastKnownFileType = image.png; path = "menu-lines.png"; sourceTree = "<group>"; };
		22E749DD1F80FCF90047B8ED /* back.png */ = {isa = PBXFileReference; lastKnownFileType = image.png; path = back.png; sourceTree = "<group>"; };
		22E749E21F81F9790047B8ED /* StartViewController.h */ = {isa = PBXFileReference; lastKnownFileType = sourcecode.c.h; path = StartViewController.h; sourceTree = "<group>"; };
		22E749E31F81F9790047B8ED /* StartViewController.m */ = {isa = PBXFileReference; lastKnownFileType = sourcecode.c.objc; path = StartViewController.m; sourceTree = "<group>"; };
		22E749E51F81F98D0047B8ED /* SigninViewController.h */ = {isa = PBXFileReference; lastKnownFileType = sourcecode.c.h; path = SigninViewController.h; sourceTree = "<group>"; };
		22E749E61F81F98D0047B8ED /* SigninViewController.m */ = {isa = PBXFileReference; lastKnownFileType = sourcecode.c.objc; path = SigninViewController.m; sourceTree = "<group>"; };
		22E749E91F81FA1F0047B8ED /* MainViewController.h */ = {isa = PBXFileReference; lastKnownFileType = sourcecode.c.h; path = MainViewController.h; sourceTree = "<group>"; };
		22E749EA1F81FA1F0047B8ED /* MainViewController.m */ = {isa = PBXFileReference; lastKnownFileType = sourcecode.c.objc; path = MainViewController.m; sourceTree = "<group>"; };
		22E749EC1F8247930047B8ED /* HomeViewController.h */ = {isa = PBXFileReference; lastKnownFileType = sourcecode.c.h; path = HomeViewController.h; sourceTree = "<group>"; };
		22E749ED1F8247930047B8ED /* HomeViewController.m */ = {isa = PBXFileReference; lastKnownFileType = sourcecode.c.objc; path = HomeViewController.m; sourceTree = "<group>"; };
		22E749F01F8248910047B8ED /* LeftViewController.h */ = {isa = PBXFileReference; lastKnownFileType = sourcecode.c.h; path = LeftViewController.h; sourceTree = "<group>"; };
		22E749F11F8248910047B8ED /* LeftViewController.m */ = {isa = PBXFileReference; lastKnownFileType = sourcecode.c.objc; path = LeftViewController.m; sourceTree = "<group>"; };
		22E749F31F824FB10047B8ED /* NavigationController.h */ = {isa = PBXFileReference; lastKnownFileType = sourcecode.c.h; path = NavigationController.h; sourceTree = "<group>"; };
		22E749F41F824FB10047B8ED /* NavigationController.m */ = {isa = PBXFileReference; lastKnownFileType = sourcecode.c.objc; path = NavigationController.m; sourceTree = "<group>"; };
		22E749F61F8281ED0047B8ED /* MyProfileViewController.h */ = {isa = PBXFileReference; lastKnownFileType = sourcecode.c.h; path = MyProfileViewController.h; sourceTree = "<group>"; };
		22E749F71F8281ED0047B8ED /* MyProfileViewController.m */ = {isa = PBXFileReference; lastKnownFileType = sourcecode.c.objc; path = MyProfileViewController.m; sourceTree = "<group>"; };
		22E749F91F8286760047B8ED /* ic_name.png */ = {isa = PBXFileReference; lastKnownFileType = image.png; path = ic_name.png; sourceTree = "<group>"; };
		22E749FA1F8286780047B8ED /* ic_password.png */ = {isa = PBXFileReference; lastKnownFileType = image.png; path = ic_password.png; sourceTree = "<group>"; };
		22E749FB1F82867A0047B8ED /* ic_email.png */ = {isa = PBXFileReference; lastKnownFileType = image.png; path = ic_email.png; sourceTree = "<group>"; };
		22E749FC1F82867C0047B8ED /* ic_phone.png */ = {isa = PBXFileReference; lastKnownFileType = image.png; path = ic_phone.png; sourceTree = "<group>"; };
		22E749FD1F82867E0047B8ED /* ic_userphoto.png */ = {isa = PBXFileReference; lastKnownFileType = image.png; path = ic_userphoto.png; sourceTree = "<group>"; };
		22E749FE1F8286800047B8ED /* ic_user_white.png */ = {isa = PBXFileReference; lastKnownFileType = image.png; path = ic_user_white.png; sourceTree = "<group>"; };
		22E749FF1F8286830047B8ED /* ic_user_background.png */ = {isa = PBXFileReference; lastKnownFileType = image.png; path = ic_user_background.png; sourceTree = "<group>"; };
		22E74A071F8293D80047B8ED /* textinput.png */ = {isa = PBXFileReference; lastKnownFileType = image.png; path = textinput.png; sourceTree = "<group>"; };
		6F0D7D1F73D98B7DF7A6BEDA /* Pods-Luggage Telep.debug.xcconfig */ = {isa = PBXFileReference; includeInIndex = 1; lastKnownFileType = text.xcconfig; name = "Pods-Luggage Telep.debug.xcconfig"; path = "Pods/Target Support Files/Pods-Luggage Telep/Pods-Luggage Telep.debug.xcconfig"; sourceTree = "<group>"; };
		8773E349F5D3F1C01C032180 /* Pods_Luggage_Telep.framework */ = {isa = PBXFileReference; explicitFileType = wrapper.framework; includeInIndex = 0; path = Pods_Luggage_Telep.framework; sourceTree = BUILT_PRODUCTS_DIR; };
/* End PBXFileReference section */

/* Begin PBXFrameworksBuildPhase section */
		22E749861F807CE00047B8ED /* Frameworks */ = {
			isa = PBXFrameworksBuildPhase;
			buildActionMask = 2147483647;
			files = (
				318CB93E59862152FA3D8263 /* Pods_Luggage_Telep.framework in Frameworks */,
			);
			runOnlyForDeploymentPostprocessing = 0;
		};
		22E7499E1F807CE00047B8ED /* Frameworks */ = {
			isa = PBXFrameworksBuildPhase;
			buildActionMask = 2147483647;
			files = (
			);
			runOnlyForDeploymentPostprocessing = 0;
		};
		22E749A91F807CE00047B8ED /* Frameworks */ = {
			isa = PBXFrameworksBuildPhase;
			buildActionMask = 2147483647;
			files = (
			);
			runOnlyForDeploymentPostprocessing = 0;
		};
/* End PBXFrameworksBuildPhase section */

/* Begin PBXGroup section */
		0472C5341F8B902B00B8C516 /* Common */ = {
			isa = PBXGroup;
			children = (
				0472C5351F8B904E00B8C516 /* Constant.h */,
				0472C5361F8B904E00B8C516 /* Constant.m */,
				0472C5381F8BBFE800B8C516 /* APIs.h */,
				0472C5391F8BBFE800B8C516 /* APIs.m */,
				04F860881F93D5A400325170 /* BookingAuth.h */,
				04F860891F93D5A400325170 /* BookingAuth.m */,
			);
			path = Common;
			sourceTree = "<group>";
		};
		0472C53B1F8BEF1D00B8C516 /* Managers */ = {
			isa = PBXGroup;
			children = (
				0472C53C1F8BEF4200B8C516 /* AccountUtilities.h */,
				0472C53D1F8BEF4200B8C516 /* AccountUtilities.m */,
			);
			path = Managers;
			sourceTree = "<group>";
		};
		0502CF1A81B4AFC69E4E0512 /* Frameworks */ = {
			isa = PBXGroup;
			children = (
				8773E349F5D3F1C01C032180 /* Pods_Luggage_Telep.framework */,
			);
			name = Frameworks;
			sourceTree = "<group>";
		};
		2266FEEC1F82B57300897673 /* HistoryTableViewCell */ = {
			isa = PBXGroup;
			children = (
				2266FEED1F82B5A900897673 /* HistoryTableViewCell.h */,
				2266FEEE1F82B5A900897673 /* HistoryTableViewCell.m */,
				22269B8C1F880E0000D9D21C /* TermsViewController.h */,
				22269B8D1F880E0000D9D21C /* TermsViewController.m */,
				043C7AE01F8D2C940021A88E /* AirlineSelectView.h */,
				043C7AE11F8D2C940021A88E /* AirlineSelectView.m */,
				043C7AE31F8D2CCF0021A88E /* AirlineSelectView.xib */,
				04288B251FA638AE000276AF /* PaymentTableViewCell.h */,
				04288B261FA638AE000276AF /* PaymentTableViewCell.m */,
				04288B271FA638AE000276AF /* PaymentTableViewCell.xib */,
				041BC4881FA6AD1B00B32639 /* PaymentHeaderTableViewCell.h */,
				041BC4891FA6AD1B00B32639 /* PaymentHeaderTableViewCell.m */,
				041BC48A1FA6AD1B00B32639 /* PaymentHeaderTableViewCell.xib */,
				041BC48D1FA6CFC300B32639 /* PaymentVisaTableViewCell.h */,
				041BC48E1FA6CFC300B32639 /* PaymentVisaTableViewCell.m */,
				041BC48F1FA6CFC300B32639 /* PaymentVisaTableViewCell.xib */,
			);
			path = HistoryTableViewCell;
			sourceTree = "<group>";
		};
		22E749801F807CE00047B8ED = {
			isa = PBXGroup;
			children = (
				22E7498B1F807CE00047B8ED /* Luggage Telep */,
				22E749A41F807CE00047B8ED /* Luggage TelepTests */,
				22E749AF1F807CE00047B8ED /* Luggage TelepUITests */,
				22E7498A1F807CE00047B8ED /* Products */,
				AB510C12DA3EF74D13E82BBF /* Pods */,
				0502CF1A81B4AFC69E4E0512 /* Frameworks */,
			);
			sourceTree = "<group>";
		};
		22E7498A1F807CE00047B8ED /* Products */ = {
			isa = PBXGroup;
			children = (
				22E749891F807CE00047B8ED /* Luggage Telep.app */,
				22E749A11F807CE00047B8ED /* Luggage TelepTests.xctest */,
				22E749AC1F807CE00047B8ED /* Luggage TelepUITests.xctest */,
			);
			name = Products;
			sourceTree = "<group>";
		};
		22E7498B1F807CE00047B8ED /* Luggage Telep */ = {
			isa = PBXGroup;
			children = (
				22E749DF1F81F94F0047B8ED /* Classes */,
				22E749C01F80C7300047B8ED /* Images */,
				22E7498C1F807CE00047B8ED /* AppDelegate.h */,
				22E7498D1F807CE00047B8ED /* AppDelegate.m */,
				22E749921F807CE00047B8ED /* Main.storyboard */,
				22E749951F807CE00047B8ED /* Assets.xcassets */,
				22E749971F807CE00047B8ED /* LaunchScreen.storyboard */,
				22E7499A1F807CE00047B8ED /* Info.plist */,
				22E7499B1F807CE00047B8ED /* main.m */,
				22E749BE1F80AA5F0047B8ED /* Images.xcassets */,
			);
			path = "Luggage Telep";
			sourceTree = "<group>";
		};
		22E749A41F807CE00047B8ED /* Luggage TelepTests */ = {
			isa = PBXGroup;
			children = (
				22E749A51F807CE00047B8ED /* Luggage_TelepTests.m */,
				22E749A71F807CE00047B8ED /* Info.plist */,
			);
			path = "Luggage TelepTests";
			sourceTree = "<group>";
		};
		22E749AF1F807CE00047B8ED /* Luggage TelepUITests */ = {
			isa = PBXGroup;
			children = (
				22E749B01F807CE00047B8ED /* Luggage_TelepUITests.m */,
				22E749B21F807CE00047B8ED /* Info.plist */,
			);
			path = "Luggage TelepUITests";
			sourceTree = "<group>";
		};
		22E749C01F80C7300047B8ED /* Images */ = {
			isa = PBXGroup;
			children = (
				047E05741F9EB2DD00F35BB1 /* us_flag.png */,
				041EB4631F8D76C20055AAEB /* ic_feedback_bg.png */,
				041EB45D1F8D6A110055AAEB /* ic_star_empty.png */,
				041EB45C1F8D69FD0055AAEB /* ic_star_full.png */,
				041EB4581F8D50820055AAEB /* theX@2x.png */,
				041EB4591F8D50820055AAEB /* user_placeholder.png */,
				041F0CC21F8B2F6C0020DEC4 /* ic_red_bubble.png */,
				041F0CBB1F8B094A0020DEC4 /* ic_signature.png */,
				041F0CBC1F8B094A0020DEC4 /* ic_trait_status_bar1.png */,
				041D16DF1F8ABD92007E96BC /* ic_light_bg.png */,
				041D16DD1F8ABB08007E96BC /* ic_visa_card.png */,
				04B8EA801F8AB4D600A76FDA /* ic_credit_card.png */,
				04B8EA811F8AB4FC00A76FDA /* ic_next.png */,
				04B8EA821F8AB52400A76FDA /* ic_paypal.png */,
				04B8EA7C1F8AB0D000A76FDA /* ic_check_box.jpg */,
				04B8EA7D1F8AB0E000A76FDA /* ic_uncheck_box.jpg */,
				223664A31F8A743B0017809C /* ic_hotel_blue.jpg */,
				223664A21F8A74030017809C /* ic_user_blue1.jpg */,
				223664991F88396E0017809C /* ic_bags_bg.png */,
				223664981F88396B0017809C /* ic_bagsimage_bg.png */,
				22269B911F88265400D9D21C /* booking_bg.png */,
				22269B901F88265300D9D21C /* ic_airport.png */,
				22269B971F88265E00D9D21C /* ic_calendar.png */,
				22269B951F88265A00D9D21C /* ic_clock.png */,
				22269B961F88265C00D9D21C /* ic_downarrow.png */,
				22269B941F88265900D9D21C /* ic_dropdownBox.png */,
				22269B921F88265600D9D21C /* ic_hotel.png */,
				22269B8F1F88265200D9D21C /* ic_plane.png */,
				22269B931F88265700D9D21C /* ic_underline.png */,
				22D3304C1F87A21A009EE8EE /* ic_address_blue.png */,
				22D3304B1F87A217009EE8EE /* ic_lock_blue.png */,
				22D330491F87A212009EE8EE /* ic_phone_blue.png */,
				22D3304A1F87A214009EE8EE /* ic_user_blue.png */,
				2266FEF31F82E2FD00897673 /* bg.png */,
				2266FEE31F82B17100897673 /* ic_blue_bubble.png */,
				2266FEE11F82B16F00897673 /* ic_star.png */,
				2266FEE21F82B17000897673 /* two_dots.png */,
				22E74A071F8293D80047B8ED /* textinput.png */,
				22E749FB1F82867A0047B8ED /* ic_email.png */,
				22E749F91F8286760047B8ED /* ic_name.png */,
				22E749FA1F8286780047B8ED /* ic_password.png */,
				22E749FC1F82867C0047B8ED /* ic_phone.png */,
				22E749FF1F8286830047B8ED /* ic_user_background.png */,
				22E749FE1F8286800047B8ED /* ic_user_white.png */,
				22E749FD1F82867E0047B8ED /* ic_userphoto.png */,
				22E749DD1F80FCF90047B8ED /* back.png */,
				22E749C11F80C7300047B8ED /* air-hotel.png */,
				22E749C21F80C7300047B8ED /* airport-airport.png */,
				22E749C31F80C7300047B8ED /* home_top_bar.png */,
				22E749C41F80C7300047B8ED /* hotel-airport.png */,
				22E749C51F80C7300047B8ED /* hotel-hotel.png */,
				22E749C61F80C7300047B8ED /* ic_history.png */,
				22E749C71F80C7300047B8ED /* ic_logout.png */,
				22E749C81F80C7300047B8ED /* ic_myorder.png */,
				22E749C91F80C7300047B8ED /* ic_payment.png */,
				22E749CA1F80C7300047B8ED /* ic_profile.png */,
				22E749CB1F80C7300047B8ED /* ic_support.png */,
				22E749CC1F80C7300047B8ED /* ic_terms.png */,
				22E749CD1F80C7300047B8ED /* logo.png */,
				22E749CE1F80C7300047B8ED /* menu-lines.png */,
			);
			path = Images;
			sourceTree = "<group>";
		};
		22E749DF1F81F94F0047B8ED /* Classes */ = {
			isa = PBXGroup;
			children = (
				0472C53B1F8BEF1D00B8C516 /* Managers */,
				0472C5341F8B902B00B8C516 /* Common */,
				22E749E01F81F94F0047B8ED /* ViewControllers */,
			);
			path = Classes;
			sourceTree = "<group>";
		};
		22E749E01F81F94F0047B8ED /* ViewControllers */ = {
			isa = PBXGroup;
			children = (
				22E749EF1F82485E0047B8ED /* LeftViewController */,
				22E749E81F81F9AB0047B8ED /* Home */,
				22E749E11F81F94F0047B8ED /* Auth */,
			);
			path = ViewControllers;
			sourceTree = "<group>";
		};
		22E749E11F81F94F0047B8ED /* Auth */ = {
			isa = PBXGroup;
			children = (
				22E749E21F81F9790047B8ED /* StartViewController.h */,
				22E749E31F81F9790047B8ED /* StartViewController.m */,
				22E749E51F81F98D0047B8ED /* SigninViewController.h */,
				22E749E61F81F98D0047B8ED /* SigninViewController.m */,
				22D330511F87A9D2009EE8EE /* RegisterViewController.h */,
				22D330521F87A9D2009EE8EE /* RegisterViewController.m */,
			);
			path = Auth;
			sourceTree = "<group>";
		};
		22E749E81F81F9AB0047B8ED /* Home */ = {
			isa = PBXGroup;
			children = (
				2266FEEC1F82B57300897673 /* HistoryTableViewCell */,
				22E749E91F81FA1F0047B8ED /* MainViewController.h */,
				22E749EA1F81FA1F0047B8ED /* MainViewController.m */,
				22E749EC1F8247930047B8ED /* HomeViewController.h */,
				22E749ED1F8247930047B8ED /* HomeViewController.m */,
				22E749F31F824FB10047B8ED /* NavigationController.h */,
				22E749F41F824FB10047B8ED /* NavigationController.m */,
				22E749F61F8281ED0047B8ED /* MyProfileViewController.h */,
				22E749F71F8281ED0047B8ED /* MyProfileViewController.m */,
				2266FEE91F82B35500897673 /* HistoryViewController.h */,
				2266FEEA1F82B35500897673 /* HistoryViewController.m */,
				2266FEF01F82E1DE00897673 /* SupportViewController.h */,
				2266FEF11F82E1DE00897673 /* SupportViewController.m */,
				22269BA11F88305000D9D21C /* AirPortToHotelViewController.h */,
				22269BA21F88305000D9D21C /* AirPortToHotelViewController.m */,
				2236649C1F883E200017809C /* NumberOfBagsViewController.h */,
				2236649D1F883E200017809C /* NumberOfBagsViewController.m */,
				2236649F1F8843480017809C /* BookingSummaryViewController.h */,
				223664A01F8843480017809C /* BookingSummaryViewController.m */,
				041D16D71F8AB87E007E96BC /* PaymentViewController.h */,
				041D16D81F8AB87E007E96BC /* PaymentViewController.m */,
				041D16DA1F8AB952007E96BC /* AddPaymentViewController.h */,
				041D16DB1F8AB952007E96BC /* AddPaymentViewController.m */,
				041F0CBF1F8B12AA0020DEC4 /* MyOrderViewController.h */,
				041F0CC01F8B12AA0020DEC4 /* MyOrderViewController.m */,
				043C7AE51F8D4C4B0021A88E /* BookingDetailViewController.h */,
				043C7AE61F8D4C4B0021A88E /* BookingDetailViewController.m */,
				041EB4601F8D73200055AAEB /* BookingIDViewController.h */,
				041EB4611F8D73200055AAEB /* BookingIDViewController.m */,
				041EB4651F8D76F10055AAEB /* FeedbackViewController.h */,
				041EB4661F8D76F10055AAEB /* FeedbackViewController.m */,
				044076141F9CFCFD00A81128 /* AddCardViewController.h */,
				044076151F9CFCFD00A81128 /* AddCardViewController.m */,
			);
			path = Home;
			sourceTree = "<group>";
		};
		22E749EF1F82485E0047B8ED /* LeftViewController */ = {
			isa = PBXGroup;
			children = (
				22E749F01F8248910047B8ED /* LeftViewController.h */,
				22E749F11F8248910047B8ED /* LeftViewController.m */,
			);
			path = LeftViewController;
			sourceTree = "<group>";
		};
		AB510C12DA3EF74D13E82BBF /* Pods */ = {
			isa = PBXGroup;
			children = (
				6F0D7D1F73D98B7DF7A6BEDA /* Pods-Luggage Telep.debug.xcconfig */,
				05F8D2F9BC6D200ABE1C4BEC /* Pods-Luggage Telep.release.xcconfig */,
			);
			name = Pods;
			sourceTree = "<group>";
		};
/* End PBXGroup section */

/* Begin PBXNativeTarget section */
		22E749881F807CE00047B8ED /* Luggage Telep */ = {
			isa = PBXNativeTarget;
			buildConfigurationList = 22E749B51F807CE00047B8ED /* Build configuration list for PBXNativeTarget "Luggage Telep" */;
			buildPhases = (
				2949CA95DAB801DDE0DD908A /* [CP] Check Pods Manifest.lock */,
				22E749851F807CE00047B8ED /* Sources */,
				22E749861F807CE00047B8ED /* Frameworks */,
				22E749871F807CE00047B8ED /* Resources */,
				A6C6C0AA855AC5163112EAA2 /* [CP] Embed Pods Frameworks */,
				66200428AE41D75760AED590 /* [CP] Copy Pods Resources */,
			);
			buildRules = (
			);
			dependencies = (
			);
			name = "Luggage Telep";
			productName = "Luggage Telep";
			productReference = 22E749891F807CE00047B8ED /* Luggage Telep.app */;
			productType = "com.apple.product-type.application";
		};
		22E749A01F807CE00047B8ED /* Luggage TelepTests */ = {
			isa = PBXNativeTarget;
			buildConfigurationList = 22E749B81F807CE00047B8ED /* Build configuration list for PBXNativeTarget "Luggage TelepTests" */;
			buildPhases = (
				22E7499D1F807CE00047B8ED /* Sources */,
				22E7499E1F807CE00047B8ED /* Frameworks */,
				22E7499F1F807CE00047B8ED /* Resources */,
			);
			buildRules = (
			);
			dependencies = (
				22E749A31F807CE00047B8ED /* PBXTargetDependency */,
			);
			name = "Luggage TelepTests";
			productName = "Luggage TelepTests";
			productReference = 22E749A11F807CE00047B8ED /* Luggage TelepTests.xctest */;
			productType = "com.apple.product-type.bundle.unit-test";
		};
		22E749AB1F807CE00047B8ED /* Luggage TelepUITests */ = {
			isa = PBXNativeTarget;
			buildConfigurationList = 22E749BB1F807CE00047B8ED /* Build configuration list for PBXNativeTarget "Luggage TelepUITests" */;
			buildPhases = (
				22E749A81F807CE00047B8ED /* Sources */,
				22E749A91F807CE00047B8ED /* Frameworks */,
				22E749AA1F807CE00047B8ED /* Resources */,
			);
			buildRules = (
			);
			dependencies = (
				22E749AE1F807CE00047B8ED /* PBXTargetDependency */,
			);
			name = "Luggage TelepUITests";
			productName = "Luggage TelepUITests";
			productReference = 22E749AC1F807CE00047B8ED /* Luggage TelepUITests.xctest */;
			productType = "com.apple.product-type.bundle.ui-testing";
		};
/* End PBXNativeTarget section */

/* Begin PBXProject section */
		22E749811F807CE00047B8ED /* Project object */ = {
			isa = PBXProject;
			attributes = {
				LastUpgradeCheck = 0900;
				ORGANIZATIONNAME = MacOS;
				TargetAttributes = {
					22E749881F807CE00047B8ED = {
						CreatedOnToolsVersion = 9.0;
						ProvisioningStyle = Manual;
					};
					22E749A01F807CE00047B8ED = {
						CreatedOnToolsVersion = 9.0;
						ProvisioningStyle = Automatic;
						TestTargetID = 22E749881F807CE00047B8ED;
					};
					22E749AB1F807CE00047B8ED = {
						CreatedOnToolsVersion = 9.0;
						ProvisioningStyle = Automatic;
						TestTargetID = 22E749881F807CE00047B8ED;
					};
				};
			};
			buildConfigurationList = 22E749841F807CE00047B8ED /* Build configuration list for PBXProject "Luggage Telep" */;
			compatibilityVersion = "Xcode 8.0";
			developmentRegion = en;
			hasScannedForEncodings = 0;
			knownRegions = (
				en,
				Base,
			);
			mainGroup = 22E749801F807CE00047B8ED;
			productRefGroup = 22E7498A1F807CE00047B8ED /* Products */;
			projectDirPath = "";
			projectRoot = "";
			targets = (
				22E749881F807CE00047B8ED /* Luggage Telep */,
				22E749A01F807CE00047B8ED /* Luggage TelepTests */,
				22E749AB1F807CE00047B8ED /* Luggage TelepUITests */,
			);
		};
/* End PBXProject section */

/* Begin PBXResourcesBuildPhase section */
		22E749871F807CE00047B8ED /* Resources */ = {
			isa = PBXResourcesBuildPhase;
			buildActionMask = 2147483647;
			files = (
				2236649B1F8839710017809C /* ic_bags_bg.png in Resources */,
				2266FEE61F82B17300897673 /* two_dots.png in Resources */,
				04B8EA851F8AB54F00A76FDA /* ic_paypal.png in Resources */,
				22E749991F807CE00047B8ED /* LaunchScreen.storyboard in Resources */,
				2266FEF41F82E2FE00897673 /* bg.png in Resources */,
				047E05751F9EB2E100F35BB1 /* us_flag.png in Resources */,
				041F0CBD1F8B094E0020DEC4 /* ic_signature.png in Resources */,
				041D16E01F8ABD95007E96BC /* ic_light_bg.png in Resources */,
				22E749BF1F80AA5F0047B8ED /* Images.xcassets in Resources */,
				22E749D31F80C7300047B8ED /* hotel-hotel.png in Resources */,
				22D3304D1F87A21E009EE8EE /* ic_phone_blue.png in Resources */,
				04B8EA841F8AB54F00A76FDA /* ic_next.png in Resources */,
				22E749CF1F80C7300047B8ED /* air-hotel.png in Resources */,
				041BC4911FA6CFC300B32639 /* PaymentVisaTableViewCell.xib in Resources */,
				04B8EA7E1F8AB0F400A76FDA /* ic_check_box.jpg in Resources */,
				041EB45B1F8D50880055AAEB /* user_placeholder.png in Resources */,
				22E749D91F80C7300047B8ED /* ic_support.png in Resources */,
				22D3304E1F87A21E009EE8EE /* ic_user_blue.png in Resources */,
				22E749DB1F80C7300047B8ED /* logo.png in Resources */,
				22E749DA1F80C7300047B8ED /* ic_terms.png in Resources */,
				2266FEE51F82B17300897673 /* ic_star.png in Resources */,
				22E749D41F80C7300047B8ED /* ic_history.png in Resources */,
				22D3304F1F87A21E009EE8EE /* ic_lock_blue.png in Resources */,
				22E749D81F80C7300047B8ED /* ic_profile.png in Resources */,
				22E74A051F8286840047B8ED /* ic_user_white.png in Resources */,
				22269BA01F88266100D9D21C /* ic_calendar.png in Resources */,
				041EB45F1F8D6A260055AAEB /* ic_star_empty.png in Resources */,
				22E74A061F8286840047B8ED /* ic_user_background.png in Resources */,
				22E749D01F80C7300047B8ED /* airport-airport.png in Resources */,
				22E74A001F8286840047B8ED /* ic_name.png in Resources */,
				04B8EA7F1F8AB0F400A76FDA /* ic_uncheck_box.jpg in Resources */,
				04B8EA831F8AB54F00A76FDA /* ic_credit_card.png in Resources */,
				22269B981F88266100D9D21C /* ic_plane.png in Resources */,
				041EB45E1F8D6A260055AAEB /* ic_star_full.png in Resources */,
				041EB45A1F8D50880055AAEB /* theX@2x.png in Resources */,
				22269B9F1F88266100D9D21C /* ic_downarrow.png in Resources */,
				22E749D61F80C7300047B8ED /* ic_myorder.png in Resources */,
				22E749961F807CE00047B8ED /* Assets.xcassets in Resources */,
				22E74A011F8286840047B8ED /* ic_password.png in Resources */,
				223664A51F8A747A0017809C /* ic_hotel_blue.jpg in Resources */,
				22E74A031F8286840047B8ED /* ic_phone.png in Resources */,
				22269B991F88266100D9D21C /* ic_airport.png in Resources */,
				22E749DE1F80FCF90047B8ED /* back.png in Resources */,
				04288B291FA638AE000276AF /* PaymentTableViewCell.xib in Resources */,
				22E749D71F80C7300047B8ED /* ic_payment.png in Resources */,
				22E749941F807CE00047B8ED /* Main.storyboard in Resources */,
				22E749D21F80C7300047B8ED /* hotel-airport.png in Resources */,
				22269B9B1F88266100D9D21C /* ic_hotel.png in Resources */,
				223664A41F8A747A0017809C /* ic_user_blue1.jpg in Resources */,
				2266FEE71F82B17300897673 /* ic_blue_bubble.png in Resources */,
				22E749D11F80C7300047B8ED /* home_top_bar.png in Resources */,
				22269B9A1F88266100D9D21C /* booking_bg.png in Resources */,
				041D16DE1F8ABB0B007E96BC /* ic_visa_card.png in Resources */,
				22D330501F87A21E009EE8EE /* ic_address_blue.png in Resources */,
				22E749DC1F80C7300047B8ED /* menu-lines.png in Resources */,
				22269B9E1F88266100D9D21C /* ic_clock.png in Resources */,
				041F0CC31F8B2F890020DEC4 /* ic_red_bubble.png in Resources */,
				2236649A1F8839710017809C /* ic_bagsimage_bg.png in Resources */,
				22E74A021F8286840047B8ED /* ic_email.png in Resources */,
				041BC48C1FA6AD1B00B32639 /* PaymentHeaderTableViewCell.xib in Resources */,
				22E749D51F80C7300047B8ED /* ic_logout.png in Resources */,
				22269B9D1F88266100D9D21C /* ic_dropdownBox.png in Resources */,
				22E74A041F8286840047B8ED /* ic_userphoto.png in Resources */,
				22E74A081F8293DB0047B8ED /* textinput.png in Resources */,
				043C7AE41F8D2CCF0021A88E /* AirlineSelectView.xib in Resources */,
				041EB4641F8D76E40055AAEB /* ic_feedback_bg.png in Resources */,
				041F0CBE1F8B094E0020DEC4 /* ic_trait_status_bar1.png in Resources */,
				22269B9C1F88266100D9D21C /* ic_underline.png in Resources */,
			);
			runOnlyForDeploymentPostprocessing = 0;
		};
		22E7499F1F807CE00047B8ED /* Resources */ = {
			isa = PBXResourcesBuildPhase;
			buildActionMask = 2147483647;
			files = (
			);
			runOnlyForDeploymentPostprocessing = 0;
		};
		22E749AA1F807CE00047B8ED /* Resources */ = {
			isa = PBXResourcesBuildPhase;
			buildActionMask = 2147483647;
			files = (
			);
			runOnlyForDeploymentPostprocessing = 0;
		};
/* End PBXResourcesBuildPhase section */

/* Begin PBXShellScriptBuildPhase section */
		2949CA95DAB801DDE0DD908A /* [CP] Check Pods Manifest.lock */ = {
			isa = PBXShellScriptBuildPhase;
			buildActionMask = 2147483647;
			files = (
			);
			inputPaths = (
				"${PODS_PODFILE_DIR_PATH}/Podfile.lock",
				"${PODS_ROOT}/Manifest.lock",
			);
			name = "[CP] Check Pods Manifest.lock";
			outputPaths = (
				"$(DERIVED_FILE_DIR)/Pods-Luggage Telep-checkManifestLockResult.txt",
			);
			runOnlyForDeploymentPostprocessing = 0;
			shellPath = /bin/sh;
			shellScript = "diff \"${PODS_PODFILE_DIR_PATH}/Podfile.lock\" \"${PODS_ROOT}/Manifest.lock\" > /dev/null\nif [ $? != 0 ] ; then\n    # print error to STDERR\n    echo \"error: The sandbox is not in sync with the Podfile.lock. Run 'pod install' or update your CocoaPods installation.\" >&2\n    exit 1\nfi\n";
			showEnvVarsInLog = 0;
		};
		66200428AE41D75760AED590 /* [CP] Copy Pods Resources */ = {
			isa = PBXShellScriptBuildPhase;
			buildActionMask = 2147483647;
			files = (
			);
			inputPaths = (
			);
			name = "[CP] Copy Pods Resources";
			outputPaths = (
			);
			runOnlyForDeploymentPostprocessing = 0;
			shellPath = /bin/sh;
			shellScript = "\"${SRCROOT}/Pods/Target Support Files/Pods-Luggage Telep/Pods-Luggage Telep-resources.sh\"\n";
			showEnvVarsInLog = 0;
		};
		A6C6C0AA855AC5163112EAA2 /* [CP] Embed Pods Frameworks */ = {
			isa = PBXShellScriptBuildPhase;
			buildActionMask = 2147483647;
			files = (
			);
			inputPaths = (
				"${SRCROOT}/Pods/Target Support Files/Pods-Luggage Telep/Pods-Luggage Telep-frameworks.sh",
				"${BUILT_PRODUCTS_DIR}/AFNetworking/AFNetworking.framework",
				"${BUILT_PRODUCTS_DIR}/ActionSheetPicker-3.0/ActionSheetPicker_3_0.framework",
				"${BUILT_PRODUCTS_DIR}/CNPPopupController/CNPPopupController.framework",
				"${BUILT_PRODUCTS_DIR}/EMCCountryPickerController/EMCCountryPickerController.framework",
				"${BUILT_PRODUCTS_DIR}/JVFloatLabeledTextField/JVFloatLabeledTextField.framework",
				"${BUILT_PRODUCTS_DIR}/LGSideMenuController/LGSideMenuController.framework",
				"${BUILT_PRODUCTS_DIR}/MBProgressHUD/MBProgressHUD.framework",
				"${BUILT_PRODUCTS_DIR}/MKDropdownMenu/MKDropdownMenu.framework",
				"${BUILT_PRODUCTS_DIR}/SDWebImage/SDWebImage.framework",
			);
			name = "[CP] Embed Pods Frameworks";
			outputPaths = (
				"${TARGET_BUILD_DIR}/${FRAMEWORKS_FOLDER_PATH}/AFNetworking.framework",
				"${TARGET_BUILD_DIR}/${FRAMEWORKS_FOLDER_PATH}/ActionSheetPicker_3_0.framework",
				"${TARGET_BUILD_DIR}/${FRAMEWORKS_FOLDER_PATH}/CNPPopupController.framework",
				"${TARGET_BUILD_DIR}/${FRAMEWORKS_FOLDER_PATH}/EMCCountryPickerController.framework",
				"${TARGET_BUILD_DIR}/${FRAMEWORKS_FOLDER_PATH}/JVFloatLabeledTextField.framework",
				"${TARGET_BUILD_DIR}/${FRAMEWORKS_FOLDER_PATH}/LGSideMenuController.framework",
				"${TARGET_BUILD_DIR}/${FRAMEWORKS_FOLDER_PATH}/MBProgressHUD.framework",
				"${TARGET_BUILD_DIR}/${FRAMEWORKS_FOLDER_PATH}/MKDropdownMenu.framework",
				"${TARGET_BUILD_DIR}/${FRAMEWORKS_FOLDER_PATH}/SDWebImage.framework",
			);
			runOnlyForDeploymentPostprocessing = 0;
			shellPath = /bin/sh;
			shellScript = "\"${SRCROOT}/Pods/Target Support Files/Pods-Luggage Telep/Pods-Luggage Telep-frameworks.sh\"\n";
			showEnvVarsInLog = 0;
		};
/* End PBXShellScriptBuildPhase section */

/* Begin PBXSourcesBuildPhase section */
		22E749851F807CE00047B8ED /* Sources */ = {
			isa = PBXSourcesBuildPhase;
			buildActionMask = 2147483647;
			files = (
				22269B8E1F880E0000D9D21C /* TermsViewController.m in Sources */,
				2236649E1F883E200017809C /* NumberOfBagsViewController.m in Sources */,
				22E749E71F81F98D0047B8ED /* SigninViewController.m in Sources */,
				22E749F81F8281ED0047B8ED /* MyProfileViewController.m in Sources */,
				0472C53A1F8BBFE800B8C516 /* APIs.m in Sources */,
				043C7AE21F8D2C940021A88E /* AirlineSelectView.m in Sources */,
				223664A11F8843480017809C /* BookingSummaryViewController.m in Sources */,
				22E749E41F81F9790047B8ED /* StartViewController.m in Sources */,
				044076161F9CFCFD00A81128 /* AddCardViewController.m in Sources */,
				041BC4901FA6CFC300B32639 /* PaymentVisaTableViewCell.m in Sources */,
				041EB4671F8D76F10055AAEB /* FeedbackViewController.m in Sources */,
				2266FEEF1F82B5A900897673 /* HistoryTableViewCell.m in Sources */,
				041F0CC11F8B12AA0020DEC4 /* MyOrderViewController.m in Sources */,
				041D16DC1F8AB952007E96BC /* AddPaymentViewController.m in Sources */,
				2266FEEB1F82B35500897673 /* HistoryViewController.m in Sources */,
				041BC48B1FA6AD1B00B32639 /* PaymentHeaderTableViewCell.m in Sources */,
				22E7499C1F807CE00047B8ED /* main.m in Sources */,
				0472C53E1F8BEF4200B8C516 /* AccountUtilities.m in Sources */,
				04F8608A1F93D5A400325170 /* BookingAuth.m in Sources */,
				041D16D91F8AB87E007E96BC /* PaymentViewController.m in Sources */,
				22E749EB1F81FA1F0047B8ED /* MainViewController.m in Sources */,
				22E749F21F8248910047B8ED /* LeftViewController.m in Sources */,
				22269BA31F88305000D9D21C /* AirPortToHotelViewController.m in Sources */,
				22E749F51F824FB10047B8ED /* NavigationController.m in Sources */,
				0472C5371F8B904E00B8C516 /* Constant.m in Sources */,
				22D330531F87A9D2009EE8EE /* RegisterViewController.m in Sources */,
				22E7498E1F807CE00047B8ED /* AppDelegate.m in Sources */,
				2266FEF21F82E1DE00897673 /* SupportViewController.m in Sources */,
				04288B281FA638AE000276AF /* PaymentTableViewCell.m in Sources */,
				041EB4621F8D73200055AAEB /* BookingIDViewController.m in Sources */,
				043C7AE71F8D4C4B0021A88E /* BookingDetailViewController.m in Sources */,
				22E749EE1F8247930047B8ED /* HomeViewController.m in Sources */,
			);
			runOnlyForDeploymentPostprocessing = 0;
		};
		22E7499D1F807CE00047B8ED /* Sources */ = {
			isa = PBXSourcesBuildPhase;
			buildActionMask = 2147483647;
			files = (
				22E749A61F807CE00047B8ED /* Luggage_TelepTests.m in Sources */,
			);
			runOnlyForDeploymentPostprocessing = 0;
		};
		22E749A81F807CE00047B8ED /* Sources */ = {
			isa = PBXSourcesBuildPhase;
			buildActionMask = 2147483647;
			files = (
				22E749B11F807CE00047B8ED /* Luggage_TelepUITests.m in Sources */,
			);
			runOnlyForDeploymentPostprocessing = 0;
		};
/* End PBXSourcesBuildPhase section */

/* Begin PBXTargetDependency section */
		22E749A31F807CE00047B8ED /* PBXTargetDependency */ = {
			isa = PBXTargetDependency;
			target = 22E749881F807CE00047B8ED /* Luggage Telep */;
			targetProxy = 22E749A21F807CE00047B8ED /* PBXContainerItemProxy */;
		};
		22E749AE1F807CE00047B8ED /* PBXTargetDependency */ = {
			isa = PBXTargetDependency;
			target = 22E749881F807CE00047B8ED /* Luggage Telep */;
			targetProxy = 22E749AD1F807CE00047B8ED /* PBXContainerItemProxy */;
		};
/* End PBXTargetDependency section */

/* Begin PBXVariantGroup section */
		22E749921F807CE00047B8ED /* Main.storyboard */ = {
			isa = PBXVariantGroup;
			children = (
				22E749931F807CE00047B8ED /* Base */,
			);
			name = Main.storyboard;
			sourceTree = "<group>";
		};
		22E749971F807CE00047B8ED /* LaunchScreen.storyboard */ = {
			isa = PBXVariantGroup;
			children = (
				22E749981F807CE00047B8ED /* Base */,
			);
			name = LaunchScreen.storyboard;
			sourceTree = "<group>";
		};
/* End PBXVariantGroup section */

/* Begin XCBuildConfiguration section */
		22E749B31F807CE00047B8ED /* Debug */ = {
			isa = XCBuildConfiguration;
			buildSettings = {
				ALWAYS_SEARCH_USER_PATHS = NO;
				CLANG_ANALYZER_NONNULL = YES;
				CLANG_ANALYZER_NUMBER_OBJECT_CONVERSION = YES_AGGRESSIVE;
				CLANG_CXX_LANGUAGE_STANDARD = "gnu++14";
				CLANG_CXX_LIBRARY = "libc++";
				CLANG_ENABLE_MODULES = YES;
				CLANG_ENABLE_OBJC_ARC = YES;
				CLANG_WARN_BLOCK_CAPTURE_AUTORELEASING = YES;
				CLANG_WARN_BOOL_CONVERSION = YES;
				CLANG_WARN_COMMA = YES;
				CLANG_WARN_CONSTANT_CONVERSION = YES;
				CLANG_WARN_DIRECT_OBJC_ISA_USAGE = YES_ERROR;
				CLANG_WARN_DOCUMENTATION_COMMENTS = YES;
				CLANG_WARN_EMPTY_BODY = YES;
				CLANG_WARN_ENUM_CONVERSION = YES;
				CLANG_WARN_INFINITE_RECURSION = YES;
				CLANG_WARN_INT_CONVERSION = YES;
				CLANG_WARN_NON_LITERAL_NULL_CONVERSION = YES;
				CLANG_WARN_OBJC_LITERAL_CONVERSION = YES;
				CLANG_WARN_OBJC_ROOT_CLASS = YES_ERROR;
				CLANG_WARN_RANGE_LOOP_ANALYSIS = YES;
				CLANG_WARN_STRICT_PROTOTYPES = YES;
				CLANG_WARN_SUSPICIOUS_MOVE = YES;
				CLANG_WARN_UNGUARDED_AVAILABILITY = YES_AGGRESSIVE;
				CLANG_WARN_UNREACHABLE_CODE = YES;
				CLANG_WARN__DUPLICATE_METHOD_MATCH = YES;
				CODE_SIGN_IDENTITY = "iPhone Developer";
				COPY_PHASE_STRIP = NO;
				DEBUG_INFORMATION_FORMAT = dwarf;
				ENABLE_STRICT_OBJC_MSGSEND = YES;
				ENABLE_TESTABILITY = YES;
				GCC_C_LANGUAGE_STANDARD = gnu11;
				GCC_DYNAMIC_NO_PIC = NO;
				GCC_NO_COMMON_BLOCKS = YES;
				GCC_OPTIMIZATION_LEVEL = 0;
				GCC_PREPROCESSOR_DEFINITIONS = (
					"DEBUG=1",
					"$(inherited)",
				);
				GCC_WARN_64_TO_32_BIT_CONVERSION = YES;
				GCC_WARN_ABOUT_RETURN_TYPE = YES_ERROR;
				GCC_WARN_UNDECLARED_SELECTOR = YES;
				GCC_WARN_UNINITIALIZED_AUTOS = YES_AGGRESSIVE;
				GCC_WARN_UNUSED_FUNCTION = YES;
				GCC_WARN_UNUSED_VARIABLE = YES;
				IPHONEOS_DEPLOYMENT_TARGET = 11.0;
				MTL_ENABLE_DEBUG_INFO = YES;
				ONLY_ACTIVE_ARCH = YES;
				SDKROOT = iphoneos;
			};
			name = Debug;
		};
		22E749B41F807CE00047B8ED /* Release */ = {
			isa = XCBuildConfiguration;
			buildSettings = {
				ALWAYS_SEARCH_USER_PATHS = NO;
				CLANG_ANALYZER_NONNULL = YES;
				CLANG_ANALYZER_NUMBER_OBJECT_CONVERSION = YES_AGGRESSIVE;
				CLANG_CXX_LANGUAGE_STANDARD = "gnu++14";
				CLANG_CXX_LIBRARY = "libc++";
				CLANG_ENABLE_MODULES = YES;
				CLANG_ENABLE_OBJC_ARC = YES;
				CLANG_WARN_BLOCK_CAPTURE_AUTORELEASING = YES;
				CLANG_WARN_BOOL_CONVERSION = YES;
				CLANG_WARN_COMMA = YES;
				CLANG_WARN_CONSTANT_CONVERSION = YES;
				CLANG_WARN_DIRECT_OBJC_ISA_USAGE = YES_ERROR;
				CLANG_WARN_DOCUMENTATION_COMMENTS = YES;
				CLANG_WARN_EMPTY_BODY = YES;
				CLANG_WARN_ENUM_CONVERSION = YES;
				CLANG_WARN_INFINITE_RECURSION = YES;
				CLANG_WARN_INT_CONVERSION = YES;
				CLANG_WARN_NON_LITERAL_NULL_CONVERSION = YES;
				CLANG_WARN_OBJC_LITERAL_CONVERSION = YES;
				CLANG_WARN_OBJC_ROOT_CLASS = YES_ERROR;
				CLANG_WARN_RANGE_LOOP_ANALYSIS = YES;
				CLANG_WARN_STRICT_PROTOTYPES = YES;
				CLANG_WARN_SUSPICIOUS_MOVE = YES;
				CLANG_WARN_UNGUARDED_AVAILABILITY = YES_AGGRESSIVE;
				CLANG_WARN_UNREACHABLE_CODE = YES;
				CLANG_WARN__DUPLICATE_METHOD_MATCH = YES;
				CODE_SIGN_IDENTITY = "iPhone Developer";
				COPY_PHASE_STRIP = NO;
				DEBUG_INFORMATION_FORMAT = "dwarf-with-dsym";
				ENABLE_NS_ASSERTIONS = NO;
				ENABLE_STRICT_OBJC_MSGSEND = YES;
				GCC_C_LANGUAGE_STANDARD = gnu11;
				GCC_NO_COMMON_BLOCKS = YES;
				GCC_WARN_64_TO_32_BIT_CONVERSION = YES;
				GCC_WARN_ABOUT_RETURN_TYPE = YES_ERROR;
				GCC_WARN_UNDECLARED_SELECTOR = YES;
				GCC_WARN_UNINITIALIZED_AUTOS = YES_AGGRESSIVE;
				GCC_WARN_UNUSED_FUNCTION = YES;
				GCC_WARN_UNUSED_VARIABLE = YES;
				IPHONEOS_DEPLOYMENT_TARGET = 11.0;
				MTL_ENABLE_DEBUG_INFO = NO;
				SDKROOT = iphoneos;
				VALIDATE_PRODUCT = YES;
			};
			name = Release;
		};
		22E749B61F807CE00047B8ED /* Debug */ = {
			isa = XCBuildConfiguration;
			baseConfigurationReference = 6F0D7D1F73D98B7DF7A6BEDA /* Pods-Luggage Telep.debug.xcconfig */;
			buildSettings = {
				ASSETCATALOG_COMPILER_APPICON_NAME = AppIcon;
				ASSETCATALOG_COMPILER_LAUNCHIMAGE_NAME = LaunchImage;
				CODE_SIGN_IDENTITY = "iPhone Distribution: Luggage Teleport Inc (Z588KYGRM5)";
				"CODE_SIGN_IDENTITY[sdk=iphoneos*]" = "iPhone Distribution: Luggage Teleport Inc (Z588KYGRM5)";
				CODE_SIGN_STYLE = Manual;
				DEVELOPMENT_TEAM = Z588KYGRM5;
				INFOPLIST_FILE = "Luggage Telep/Info.plist";
				IPHONEOS_DEPLOYMENT_TARGET = 10.0;
				LD_RUNPATH_SEARCH_PATHS = "$(inherited) @executable_path/Frameworks";
				PRODUCT_BUNDLE_IDENTIFIER = "com.Darren.Luggage-Telep";
				PRODUCT_NAME = "$(TARGET_NAME)";
				PROVISIONING_PROFILE = "4d186f88-6f01-4418-b8b2-345520c93c79";
				PROVISIONING_PROFILE_SPECIFIER = Luggage_Pro;
				TARGETED_DEVICE_FAMILY = 1;
			};
			name = Debug;
		};
		22E749B71F807CE00047B8ED /* Release */ = {
			isa = XCBuildConfiguration;
			baseConfigurationReference = 05F8D2F9BC6D200ABE1C4BEC /* Pods-Luggage Telep.release.xcconfig */;
			buildSettings = {
				ASSETCATALOG_COMPILER_APPICON_NAME = AppIcon;
				ASSETCATALOG_COMPILER_LAUNCHIMAGE_NAME = LaunchImage;
				CODE_SIGN_IDENTITY = "iPhone Distribution: Luggage Teleport Inc (Z588KYGRM5)";
				"CODE_SIGN_IDENTITY[sdk=iphoneos*]" = "iPhone Distribution";
				CODE_SIGN_STYLE = Manual;
				DEVELOPMENT_TEAM = Z588KYGRM5;
				INFOPLIST_FILE = "Luggage Telep/Info.plist";
				IPHONEOS_DEPLOYMENT_TARGET = 10.0;
				LD_RUNPATH_SEARCH_PATHS = "$(inherited) @executable_path/Frameworks";
				PRODUCT_BUNDLE_IDENTIFIER = "com.Darren.Luggage-Telep";
				PRODUCT_NAME = "$(TARGET_NAME)";
				PROVISIONING_PROFILE = "4d186f88-6f01-4418-b8b2-345520c93c79";
				PROVISIONING_PROFILE_SPECIFIER = Luggage_Pro;
				TARGETED_DEVICE_FAMILY = 1;
			};
			name = Release;
		};
		22E749B91F807CE00047B8ED /* Debug */ = {
			isa = XCBuildConfiguration;
			buildSettings = {
				BUNDLE_LOADER = "$(TEST_HOST)";
				CODE_SIGN_STYLE = Automatic;
				INFOPLIST_FILE = "Luggage TelepTests/Info.plist";
				LD_RUNPATH_SEARCH_PATHS = "$(inherited) @executable_path/Frameworks @loader_path/Frameworks";
				PRODUCT_BUNDLE_IDENTIFIER = "com.Darren.Luggage-Telep.Luggage-TelepTests";
				PRODUCT_NAME = "$(TARGET_NAME)";
				TARGETED_DEVICE_FAMILY = "1,2";
				TEST_HOST = "$(BUILT_PRODUCTS_DIR)/Luggage Telep.app/Luggage Telep";
			};
			name = Debug;
		};
		22E749BA1F807CE00047B8ED /* Release */ = {
			isa = XCBuildConfiguration;
			buildSettings = {
				BUNDLE_LOADER = "$(TEST_HOST)";
				CODE_SIGN_STYLE = Automatic;
				INFOPLIST_FILE = "Luggage TelepTests/Info.plist";
				LD_RUNPATH_SEARCH_PATHS = "$(inherited) @executable_path/Frameworks @loader_path/Frameworks";
				PRODUCT_BUNDLE_IDENTIFIER = "com.Darren.Luggage-Telep.Luggage-TelepTests";
				PRODUCT_NAME = "$(TARGET_NAME)";
				TARGETED_DEVICE_FAMILY = "1,2";
				TEST_HOST = "$(BUILT_PRODUCTS_DIR)/Luggage Telep.app/Luggage Telep";
			};
			name = Release;
		};
		22E749BC1F807CE00047B8ED /* Debug */ = {
			isa = XCBuildConfiguration;
			buildSettings = {
				CODE_SIGN_STYLE = Automatic;
				INFOPLIST_FILE = "Luggage TelepUITests/Info.plist";
				LD_RUNPATH_SEARCH_PATHS = "$(inherited) @executable_path/Frameworks @loader_path/Frameworks";
				PRODUCT_BUNDLE_IDENTIFIER = "com.Darren.Luggage-Telep.Luggage-TelepUITests";
				PRODUCT_NAME = "$(TARGET_NAME)";
				TARGETED_DEVICE_FAMILY = "1,2";
				TEST_TARGET_NAME = "Luggage Telep";
			};
			name = Debug;
		};
		22E749BD1F807CE00047B8ED /* Release */ = {
			isa = XCBuildConfiguration;
			buildSettings = {
				CODE_SIGN_STYLE = Automatic;
				INFOPLIST_FILE = "Luggage TelepUITests/Info.plist";
				LD_RUNPATH_SEARCH_PATHS = "$(inherited) @executable_path/Frameworks @loader_path/Frameworks";
				PRODUCT_BUNDLE_IDENTIFIER = "com.Darren.Luggage-Telep.Luggage-TelepUITests";
				PRODUCT_NAME = "$(TARGET_NAME)";
				TARGETED_DEVICE_FAMILY = "1,2";
				TEST_TARGET_NAME = "Luggage Telep";
			};
			name = Release;
		};
/* End XCBuildConfiguration section */

/* Begin XCConfigurationList section */
		22E749841F807CE00047B8ED /* Build configuration list for PBXProject "Luggage Telep" */ = {
			isa = XCConfigurationList;
			buildConfigurations = (
				22E749B31F807CE00047B8ED /* Debug */,
				22E749B41F807CE00047B8ED /* Release */,
			);
			defaultConfigurationIsVisible = 0;
			defaultConfigurationName = Release;
		};
		22E749B51F807CE00047B8ED /* Build configuration list for PBXNativeTarget "Luggage Telep" */ = {
			isa = XCConfigurationList;
			buildConfigurations = (
				22E749B61F807CE00047B8ED /* Debug */,
				22E749B71F807CE00047B8ED /* Release */,
			);
			defaultConfigurationIsVisible = 0;
			defaultConfigurationName = Release;
		};
		22E749B81F807CE00047B8ED /* Build configuration list for PBXNativeTarget "Luggage TelepTests" */ = {
			isa = XCConfigurationList;
			buildConfigurations = (
				22E749B91F807CE00047B8ED /* Debug */,
				22E749BA1F807CE00047B8ED /* Release */,
			);
			defaultConfigurationIsVisible = 0;
			defaultConfigurationName = Release;
		};
		22E749BB1F807CE00047B8ED /* Build configuration list for PBXNativeTarget "Luggage TelepUITests" */ = {
			isa = XCConfigurationList;
			buildConfigurations = (
				22E749BC1F807CE00047B8ED /* Debug */,
				22E749BD1F807CE00047B8ED /* Release */,
			);
			defaultConfigurationIsVisible = 0;
			defaultConfigurationName = Release;
		};
/* End XCConfigurationList section */
	};
	rootObject = 22E749811F807CE00047B8ED /* Project object */;
}
